
Microsoft Visual Studio Solution File, Format Version 12.00
# Visual Studio Version 16
VisualStudioVersion = 16.0.31402.337
MinimumVisualStudioVersion = 10.0.40219.1
Project("{FAE04EC0-301F-11D3-BF4B-00C04F79EFBC}") = "Task_005", "Task_005.csproj", "{667DD861-F372-4C4E-9A92-519C1ADD3183}"
EndProject
Global
	GlobalSection(SolutionConfigurationPlatforms) = preSolution
		Debug|Any CPU = Debug|Any CPU
		Release|Any CPU = Release|Any CPU
	EndGlobalSection
	GlobalSection(ProjectConfigurationPlatforms) = postSolution
		{667DD861-F372-4C4E-9A92-519C1ADD3183}.Debug|Any CPU.ActiveCfg = Debug|Any CPU
		{667DD861-F372-4C4E-9A92-519C1ADD3183}.Debug|Any CPU.Build.0 = Debug|Any CPU
		{667DD861-F372-4C4E-9A92-519C1ADD3183}.Release|Any CPU.ActiveCfg = Release|Any CPU
		{667DD861-F372-4C4E-9A92-519C1ADD3183}.Release|Any CPU.Build.0 = Release|Any CPU
	EndGlobalSection
	GlobalSection(SolutionProperties) = preSolution
		HideSolutionNode = FALSE
	EndGlobalSection
	GlobalSection(ExtensibilityGlobals) = postSolution
		SolutionGuid = {CD6EA123-318D-4482-8A6D-914FB687BB18}
	EndGlobalSection
EndGlobal
